{
  "name": "yoga-project",
  "version": "1.0.0",
  "lockfileVersion": 3,
  "requires": true,
  "packages": {
    "": {
      "name": "yoga-project",
      "version": "1.0.0",
      "license": "ISC",
      "dependencies": {
        "yoga-layout": "^3.2.1",
        "yoga-layout-prebuilt": "^1.10.0"
      }
    },
    "node_modules/@types/yoga-layout": {
      "version": "1.9.2",
      "resolved": "https://registry.npmjs.org/@types/yoga-layout/-/yoga-layout-1.9.2.tgz",
      "integrity": "sha512-S9q47ByT2pPvD65IvrWp7qppVMpk9WGMbVq9wbWZOHg6tnXSD4vyhao6nOSBwwfDdV2p3Kx9evA9vI+XWTfDvw==",
      "license": "MIT"
    },
    "node_modules/yoga-layout": {
      "version": "3.2.1",
      "resolved": "https://registry.npmjs.org/yoga-layout/-/yoga-layout-3.2.1.tgz",
      "integrity": "sha512-0LPOt3AxKqMdFBZA3HBAt/t/8vIKq7VaQYbuA8WxCgung+p9TVyKRYdpvCb80HcdTN2NkbIKbhNwKUfm3tQywQ==",
      "license": "MIT"
    },
    "node_modules/yoga-layout-prebuilt": {
      "version": "1.10.0",
      "resolved": "https://registry.npmjs.org/yoga-layout-prebuilt/-/yoga-layout-prebuilt-1.10.0.tgz",
      "integrity": "sha512-YnOmtSbv4MTf7RGJMK0FvZ+KD8OEe/J5BNnR0GHhD8J/XcG/Qvxgszm0Un6FTHWW4uHlTgP0IztiXQnGyIR45g==",
      "license": "MIT",
      "dependencies": {
        "@types/yoga-layout": "1.9.2"
      },
      "engines": {
        "node": ">=8"
      }
    }
  }
}
